{
    "hash": "70d56d9fe64decef90faa03ee278678e",
    "packages": [

    ],
    "packages-dev": [
        {
            "package": "zendframework/zendframework",
            "version": "dev-master",
            "source-reference": "ca20071b42d5cfe3a34606029c67e123fd1b609c",
            "alias-pretty-version": "2.0.x-dev",
            "alias-version": "2.0.9999999.9999999-dev"
        },
        {
            "package": "zendframework/zendframework",
            "version": "dev-master",
            "source-reference": "ca20071b42d5cfe3a34606029c67e123fd1b609c"
        },
        {
            "package": "zendframework/zendframework",
            "version": "dev-master",
            "source-reference": "53c6ef5cce6e07ff777565f19e0f066b71706994",
            "alias-pretty-version": "2.0.x-dev",
            "alias-version": "2.0.9999999.9999999-dev"
        }
    ],
    "aliases": [

    ],
    "minimum-stability": "dev",
    "stability-flags": {
        "zendframework/zendframework": 20
    }
}
