{
    "hash": "b3527c889889681c8b96426959759945",
    "packages": [

    ],
    "packages-dev": [
        {
            "package": "zendframework/zendframework",
            "version": "dev-master",
            "source-reference": "d0300fc3c9c207f4245e540c99ad47447ecee512",
            "alias-pretty-version": "2.0.x-dev",
            "alias-version": "2.0.9999999.9999999-dev"
        },
        {
            "package": "zendframework/zendframework",
            "version": "dev-master",
            "source-reference": "d0300fc3c9c207f4245e540c99ad47447ecee512"
        },
        {
            "package": "zendframework/zendframework",
            "version": "dev-master",
            "source-reference": "2a8bfdd92130db0e0a3ba788c01827aff4829ce6",
            "alias-pretty-version": "2.0.x-dev",
            "alias-version": "2.0.9999999.9999999-dev"
        }
    ],
    "aliases": [

    ]
}
